
Microsoft Visual Studio Solution File, Format Version 12.00
# Visual Studio Version 17
VisualStudioVersion = 17.5.002.0
MinimumVisualStudioVersion = 10.0.40219.1
Project("{2150E333-8FDC-42A3-9474-1A3956D46DE8}") = "Aula18", "Aula18", "{3954897D-17F1-4A51-9776-F11DE204DFA8}"
EndProject
Project("{9A19103F-16F7-4668-BE54-9A1E7A4F7556}") = "Aula18", "Aula18\Aula18\Aula18.csproj", "{3ACAA38D-1CBA-4248-80C4-A6057F903CE4}"
EndProject
Project("{2150E333-8FDC-42A3-9474-1A3956D46DE8}") = "Aula19", "Aula19", "{6377297A-CF46-484D-BD38-2D46C9E24A47}"
EndProject
Project("{FAE04EC0-301F-11D3-BF4B-00C04F79EFBC}") = "Aula19", "Aula19\Aula19.csproj", "{9B43A421-B7BF-44AD-950E-EA4C314DA921}"
EndProject
Project("{2150E333-8FDC-42A3-9474-1A3956D46DE8}") = "Aula20", "Aula20", "{C5F158B0-A6F6-4EA6-A16F-B251039CFDDC}"
EndProject
Project("{FAE04EC0-301F-11D3-BF4B-00C04F79EFBC}") = "Aula20", "Aula20\Aula20.csproj", "{1986878E-751E-4E93-A51A-05512D952EB4}"
EndProject
Global
	GlobalSection(SolutionConfigurationPlatforms) = preSolution
		Debug|Any CPU = Debug|Any CPU
		Release|Any CPU = Release|Any CPU
	EndGlobalSection
	GlobalSection(ProjectConfigurationPlatforms) = postSolution
		{3ACAA38D-1CBA-4248-80C4-A6057F903CE4}.Debug|Any CPU.ActiveCfg = Debug|Any CPU
		{3ACAA38D-1CBA-4248-80C4-A6057F903CE4}.Debug|Any CPU.Build.0 = Debug|Any CPU
		{3ACAA38D-1CBA-4248-80C4-A6057F903CE4}.Release|Any CPU.ActiveCfg = Release|Any CPU
		{3ACAA38D-1CBA-4248-80C4-A6057F903CE4}.Release|Any CPU.Build.0 = Release|Any CPU
		{9B43A421-B7BF-44AD-950E-EA4C314DA921}.Debug|Any CPU.ActiveCfg = Debug|Any CPU
		{9B43A421-B7BF-44AD-950E-EA4C314DA921}.Debug|Any CPU.Build.0 = Debug|Any CPU
		{9B43A421-B7BF-44AD-950E-EA4C314DA921}.Release|Any CPU.ActiveCfg = Release|Any CPU
		{9B43A421-B7BF-44AD-950E-EA4C314DA921}.Release|Any CPU.Build.0 = Release|Any CPU
		{1986878E-751E-4E93-A51A-05512D952EB4}.Debug|Any CPU.ActiveCfg = Debug|Any CPU
		{1986878E-751E-4E93-A51A-05512D952EB4}.Debug|Any CPU.Build.0 = Debug|Any CPU
		{1986878E-751E-4E93-A51A-05512D952EB4}.Release|Any CPU.ActiveCfg = Release|Any CPU
		{1986878E-751E-4E93-A51A-05512D952EB4}.Release|Any CPU.Build.0 = Release|Any CPU
	EndGlobalSection
	GlobalSection(SolutionProperties) = preSolution
		HideSolutionNode = FALSE
	EndGlobalSection
	GlobalSection(NestedProjects) = preSolution
		{3ACAA38D-1CBA-4248-80C4-A6057F903CE4} = {3954897D-17F1-4A51-9776-F11DE204DFA8}
		{9B43A421-B7BF-44AD-950E-EA4C314DA921} = {6377297A-CF46-484D-BD38-2D46C9E24A47}
		{1986878E-751E-4E93-A51A-05512D952EB4} = {C5F158B0-A6F6-4EA6-A16F-B251039CFDDC}
	EndGlobalSection
	GlobalSection(ExtensibilityGlobals) = postSolution
		SolutionGuid = {8D3B33E1-DF21-41D3-A807-84D6E289174E}
	EndGlobalSection
EndGlobal
